Microsoft Visual Studio Solution File, Format Version 11.00
# Visual C++ Express 2010
Project("{8BC9CEB8-8B4A-11D0-8D11-00A0C91BC942}") = "cgame", "cgame\cgame.vcxproj", "{4B443233-E5F1-2693-F2CD-7E4BA0438381}"
EndProject
Project("{8BC9CEB8-8B4A-11D0-8D11-00A0C91BC942}") = "game", "game\game.vcxproj", "{E7FF693B-5067-6D40-AF24-2886CB5E5FAC}"
EndProject
Project("{8BC9CEB8-8B4A-11D0-8D11-00A0C91BC942}") = "ui", "ui\ui.vcxproj", "{3543F80B-923E-1EEB-1401-958D8AA7C87B}"
EndProject
Global
	GlobalSection(SolutionConfigurationPlatforms) = preSolution
		Debug|Win32 = Debug|Win32
		Release|Win32 = Release|Win32
	EndGlobalSection
	GlobalSection(ProjectConfigurationPlatforms) = postSolution
		{4B443233-E5F1-2693-F2CD-7E4BA0438381}.Debug|Win32.ActiveCfg = Debug|Win32
		{4B443233-E5F1-2693-F2CD-7E4BA0438381}.Debug|Win32.Build.0 = Debug|Win32
		{4B443233-E5F1-2693-F2CD-7E4BA0438381}.Release|Win32.ActiveCfg = Release|Win32
		{4B443233-E5F1-2693-F2CD-7E4BA0438381}.Release|Win32.Build.0 = Release|Win32
		{E7FF693B-5067-6D40-AF24-2886CB5E5FAC}.Debug|Win32.ActiveCfg = Debug|Win32
		{E7FF693B-5067-6D40-AF24-2886CB5E5FAC}.Debug|Win32.Build.0 = Debug|Win32
		{E7FF693B-5067-6D40-AF24-2886CB5E5FAC}.Release|Win32.ActiveCfg = Release|Win32
		{E7FF693B-5067-6D40-AF24-2886CB5E5FAC}.Release|Win32.Build.0 = Release|Win32
		{3543F80B-923E-1EEB-1401-958D8AA7C87B}.Debug|Win32.ActiveCfg = Debug|Win32
		{3543F80B-923E-1EEB-1401-958D8AA7C87B}.Debug|Win32.Build.0 = Debug|Win32
		{3543F80B-923E-1EEB-1401-958D8AA7C87B}.Release|Win32.ActiveCfg = Release|Win32
		{3543F80B-923E-1EEB-1401-958D8AA7C87B}.Release|Win32.Build.0 = Release|Win32
	EndGlobalSection
	GlobalSection(SolutionProperties) = preSolution
		HideSolutionNode = FALSE
	EndGlobalSection
EndGlobal
